// !$*UTF8*$!
{
	archiveVersion = 1;
	classes = {
	};
	objectVersion = 50;
	objects = {

/* Begin PBXBuildFile section */
		4422393024958D5F0057EE42 /* PrecisionRating.swift in Sources */ = {isa = PBXBuildFile; fileRef = 4422392F24958D5F0057EE42 /* PrecisionRating.swift */; };
		443AA279248312F3005A9647 /* Marsh-Stencil.otf in Resources */ = {isa = PBXBuildFile; fileRef = 443AA278248312F2005A9647 /* Marsh-Stencil.otf */; };
		444F964B249B386B001C205A /* PrecisionLabelPanel.swift in Sources */ = {isa = PBXBuildFile; fileRef = 444F964A249B386B001C205A /* PrecisionLabelPanel.swift */; };
		44558F59247F9BEF00CB85E5 /* GameOverScene.swift in Sources */ = {isa = PBXBuildFile; fileRef = 44558F58247F9BEF00CB85E5 /* GameOverScene.swift */; };
		445881F62489BE1F00D20646 /* ShopScene.swift in Sources */ = {isa = PBXBuildFile; fileRef = 445881F52489BE1F00D20646 /* ShopScene.swift */; };
		4467EC6F2473634E00BDAA4D /* BoxSet.swift in Sources */ = {isa = PBXBuildFile; fileRef = 4467EC6E2473634E00BDAA4D /* BoxSet.swift */; };
		4467EC7124736C7000BDAA4D /* Box.swift in Sources */ = {isa = PBXBuildFile; fileRef = 4467EC7024736C7000BDAA4D /* Box.swift */; };
		4467EC7324736F2500BDAA4D /* Settings.swift in Sources */ = {isa = PBXBuildFile; fileRef = 4467EC7224736F2500BDAA4D /* Settings.swift */; };
		4476260E24759F8700F636F7 /* ShooterBox.swift in Sources */ = {isa = PBXBuildFile; fileRef = 4476260D24759F8700F636F7 /* ShooterBox.swift */; };
		44AA62F22484E36400B5F6F7 /* smoke.sks in Resources */ = {isa = PBXBuildFile; fileRef = 44AA62F02484E36400B5F6F7 /* smoke.sks */; };
		44AA62F32484E36400B5F6F7 /* Assets.xcassets in Resources */ = {isa = PBXBuildFile; fileRef = 44AA62F12484E36400B5F6F7 /* Assets.xcassets */; };
		44C31D0B247B426000C25149 /* InvisibleBox.swift in Sources */ = {isa = PBXBuildFile; fileRef = 44C31D0A247B426000C25149 /* InvisibleBox.swift */; };
		44F3BAEC248C328D000A5CA4 /* shopBox.swift in Sources */ = {isa = PBXBuildFile; fileRef = 44F3BAEB248C328D000A5CA4 /* shopBox.swift */; };
		44F92DED247AEB030072096E /* BoxShootingAnimation.atlas in Resources */ = {isa = PBXBuildFile; fileRef = 44F92DEC247AEB020072096E /* BoxShootingAnimation.atlas */; };
		44F92DEF247AEB960072096E /* BoxShooter.swift in Sources */ = {isa = PBXBuildFile; fileRef = 44F92DEE247AEB960072096E /* BoxShooter.swift */; };
		44FECD3C2473209D00805D0F /* AppDelegate.swift in Sources */ = {isa = PBXBuildFile; fileRef = 44FECD3B2473209D00805D0F /* AppDelegate.swift */; };
		44FECD422473209D00805D0F /* MenuScene.swift in Sources */ = {isa = PBXBuildFile; fileRef = 44FECD412473209D00805D0F /* MenuScene.swift */; };
		44FECD442473209D00805D0F /* GameViewController.swift in Sources */ = {isa = PBXBuildFile; fileRef = 44FECD432473209D00805D0F /* GameViewController.swift */; };
		44FECD472473209D00805D0F /* Main.storyboard in Resources */ = {isa = PBXBuildFile; fileRef = 44FECD452473209D00805D0F /* Main.storyboard */; };
		44FECD492473209E00805D0F /* Assets.xcassets in Resources */ = {isa = PBXBuildFile; fileRef = 44FECD482473209E00805D0F /* Assets.xcassets */; };
		44FECD4C2473209E00805D0F /* LaunchScreen.storyboard in Resources */ = {isa = PBXBuildFile; fileRef = 44FECD4A2473209E00805D0F /* LaunchScreen.storyboard */; };
		44FECD54247321E100805D0F /* GameScene.swift in Sources */ = {isa = PBXBuildFile; fileRef = 44FECD53247321E100805D0F /* GameScene.swift */; };
/* End PBXBuildFile section */

/* Begin PBXFileReference section */
		4422392F24958D5F0057EE42 /* PrecisionRating.swift */ = {isa = PBXFileReference; lastKnownFileType = sourcecode.swift; path = PrecisionRating.swift; sourceTree = "<group>"; };
		443AA278248312F2005A9647 /* Marsh-Stencil.otf */ = {isa = PBXFileReference; lastKnownFileType = file; path = "Marsh-Stencil.otf"; sourceTree = "<group>"; };
		444F964A249B386B001C205A /* PrecisionLabelPanel.swift */ = {isa = PBXFileReference; lastKnownFileType = sourcecode.swift; path = PrecisionLabelPanel.swift; sourceTree = "<group>"; };
		44558F58247F9BEF00CB85E5 /* GameOverScene.swift */ = {isa = PBXFileReference; lastKnownFileType = sourcecode.swift; path = GameOverScene.swift; sourceTree = "<group>"; };
		445881F52489BE1F00D20646 /* ShopScene.swift */ = {isa = PBXFileReference; lastKnownFileType = sourcecode.swift; path = ShopScene.swift; sourceTree = "<group>"; };
		4467EC6E2473634E00BDAA4D /* BoxSet.swift */ = {isa = PBXFileReference; lastKnownFileType = sourcecode.swift; path = BoxSet.swift; sourceTree = "<group>"; };
		4467EC7024736C7000BDAA4D /* Box.swift */ = {isa = PBXFileReference; lastKnownFileType = sourcecode.swift; path = Box.swift; sourceTree = "<group>"; };
		4467EC7224736F2500BDAA4D /* Settings.swift */ = {isa = PBXFileReference; lastKnownFileType = sourcecode.swift; path = Settings.swift; sourceTree = "<group>"; };
		4476260D24759F8700F636F7 /* ShooterBox.swift */ = {isa = PBXFileReference; lastKnownFileType = sourcecode.swift; path = ShooterBox.swift; sourceTree = "<group>"; };
		44AA62F02484E36400B5F6F7 /* smoke.sks */ = {isa = PBXFileReference; lastKnownFileType = file.sks; path = smoke.sks; sourceTree = "<group>"; };
		44AA62F12484E36400B5F6F7 /* Assets.xcassets */ = {isa = PBXFileReference; lastKnownFileType = folder.assetcatalog; name = Assets.xcassets; path = ../Controller/Assets.xcassets; sourceTree = "<group>"; };
		44C31D0A247B426000C25149 /* InvisibleBox.swift */ = {isa = PBXFileReference; lastKnownFileType = sourcecode.swift; path = InvisibleBox.swift; sourceTree = "<group>"; };
		44F3BAEB248C328D000A5CA4 /* shopBox.swift */ = {isa = PBXFileReference; lastKnownFileType = sourcecode.swift; path = shopBox.swift; sourceTree = "<group>"; };
		44F92DEC247AEB020072096E /* BoxShootingAnimation.atlas */ = {isa = PBXFileReference; lastKnownFileType = folder.skatlas; path = BoxShootingAnimation.atlas; sourceTree = "<group>"; };
		44F92DEE247AEB960072096E /* BoxShooter.swift */ = {isa = PBXFileReference; lastKnownFileType = sourcecode.swift; path = BoxShooter.swift; sourceTree = "<group>"; };
		44FECD382473209D00805D0F /* PlopBox.app */ = {isa = PBXFileReference; explicitFileType = wrapper.application; includeInIndex = 0; path = PlopBox.app; sourceTree = BUILT_PRODUCTS_DIR; };
		44FECD3B2473209D00805D0F /* AppDelegate.swift */ = {isa = PBXFileReference; lastKnownFileType = sourcecode.swift; path = AppDelegate.swift; sourceTree = "<group>"; };
		44FECD412473209D00805D0F /* MenuScene.swift */ = {isa = PBXFileReference; lastKnownFileType = sourcecode.swift; path = MenuScene.swift; sourceTree = "<group>"; };
		44FECD432473209D00805D0F /* GameViewController.swift */ = {isa = PBXFileReference; lastKnownFileType = sourcecode.swift; path = GameViewController.swift; sourceTree = "<group>"; };
		44FECD462473209D00805D0F /* Base */ = {isa = PBXFileReference; lastKnownFileType = file.storyboard; name = Base; path = Base.lproj/Main.storyboard; sourceTree = "<group>"; };
		44FECD482473209E00805D0F /* Assets.xcassets */ = {isa = PBXFileReference; lastKnownFileType = folder.assetcatalog; path = Assets.xcassets; sourceTree = "<group>"; };
		44FECD4B2473209E00805D0F /* Base */ = {isa = PBXFileReference; lastKnownFileType = file.storyboard; name = Base; path = Base.lproj/LaunchScreen.storyboard; sourceTree = "<group>"; };
		44FECD4D2473209E00805D0F /* Info.plist */ = {isa = PBXFileReference; lastKnownFileType = text.plist.xml; path = Info.plist; sourceTree = "<group>"; };
		44FECD53247321E100805D0F /* GameScene.swift */ = {isa = PBXFileReference; lastKnownFileType = sourcecode.swift; path = GameScene.swift; sourceTree = "<group>"; };
/* End PBXFileReference section */

/* Begin PBXFrameworksBuildPhase section */
		44FECD352473209D00805D0F /* Frameworks */ = {
			isa = PBXFrameworksBuildPhase;
			buildActionMask = 2147483647;
			files = (
			);
			runOnlyForDeploymentPostprocessing = 0;
		};
/* End PBXFrameworksBuildPhase section */

/* Begin PBXGroup section */
		44AAD9E02483159900E472BA /* Fonts */ = {
			isa = PBXGroup;
			children = (
				443AA278248312F2005A9647 /* Marsh-Stencil.otf */,
			);
			path = Fonts;
			sourceTree = "<group>";
		};
		44FECD2F2473209D00805D0F = {
			isa = PBXGroup;
			children = (
				44FECD3A2473209D00805D0F /* PlopBox */,
				44FECD392473209D00805D0F /* Products */,
			);
			sourceTree = "<group>";
		};
		44FECD392473209D00805D0F /* Products */ = {
			isa = PBXGroup;
			children = (
				44FECD382473209D00805D0F /* PlopBox.app */,
			);
			name = Products;
			sourceTree = "<group>";
		};
		44FECD3A2473209D00805D0F /* PlopBox */ = {
			isa = PBXGroup;
			children = (
				44FECD3B2473209D00805D0F /* AppDelegate.swift */,
				44FECD452473209D00805D0F /* Main.storyboard */,
				44FECD4D2473209E00805D0F /* Info.plist */,
				44FECD572473244C00805D0F /* Model */,
				44FECD562473244400805D0F /* Controller */,
				44FECD552473243B00805D0F /* View */,
			);
			path = PlopBox;
			sourceTree = "<group>";
		};
		44FECD552473243B00805D0F /* View */ = {
			isa = PBXGroup;
			children = (
				44AA62F02484E36400B5F6F7 /* smoke.sks */,
				44AA62F12484E36400B5F6F7 /* Assets.xcassets */,
				44AAD9E02483159900E472BA /* Fonts */,
				44F92DEC247AEB020072096E /* BoxShootingAnimation.atlas */,
				44FECD4A2473209E00805D0F /* LaunchScreen.storyboard */,
				44FECD482473209E00805D0F /* Assets.xcassets */,
			);
			path = View;
			sourceTree = "<group>";
		};
		44FECD562473244400805D0F /* Controller */ = {
			isa = PBXGroup;
			children = (
				44FECD432473209D00805D0F /* GameViewController.swift */,
				44FECD412473209D00805D0F /* MenuScene.swift */,
				44FECD53247321E100805D0F /* GameScene.swift */,
				44558F58247F9BEF00CB85E5 /* GameOverScene.swift */,
				445881F52489BE1F00D20646 /* ShopScene.swift */,
			);
			path = Controller;
			sourceTree = "<group>";
		};
		44FECD572473244C00805D0F /* Model */ = {
			isa = PBXGroup;
			children = (
				4467EC7024736C7000BDAA4D /* Box.swift */,
				44C31D0A247B426000C25149 /* InvisibleBox.swift */,
				4476260D24759F8700F636F7 /* ShooterBox.swift */,
				44F92DEE247AEB960072096E /* BoxShooter.swift */,
				4467EC7224736F2500BDAA4D /* Settings.swift */,
				4467EC6E2473634E00BDAA4D /* BoxSet.swift */,
				4422392F24958D5F0057EE42 /* PrecisionRating.swift */,
				444F964A249B386B001C205A /* PrecisionLabelPanel.swift */,
				44F3BAEB248C328D000A5CA4 /* shopBox.swift */,
			);
			path = Model;
			sourceTree = "<group>";
		};
/* End PBXGroup section */

/* Begin PBXNativeTarget section */
		44FECD372473209D00805D0F /* PlopBox */ = {
			isa = PBXNativeTarget;
			buildConfigurationList = 44FECD502473209E00805D0F /* Build configuration list for PBXNativeTarget "PlopBox" */;
			buildPhases = (
				44FECD342473209D00805D0F /* Sources */,
				44FECD352473209D00805D0F /* Frameworks */,
				44FECD362473209D00805D0F /* Resources */,
			);
			buildRules = (
			);
			dependencies = (
			);
			name = PlopBox;
			productName = PlopBox;
			productReference = 44FECD382473209D00805D0F /* PlopBox.app */;
			productType = "com.apple.product-type.application";
		};
/* End PBXNativeTarget section */

/* Begin PBXProject section */
		44FECD302473209D00805D0F /* Project object */ = {
			isa = PBXProject;
			attributes = {
				LastSwiftUpdateCheck = 1130;
				LastUpgradeCheck = 1130;
				ORGANIZATIONNAME = "Juan Erenas";
				TargetAttributes = {
					44FECD372473209D00805D0F = {
						CreatedOnToolsVersion = 11.3.1;
					};
				};
			};
			buildConfigurationList = 44FECD332473209D00805D0F /* Build configuration list for PBXProject "PlopBox" */;
			compatibilityVersion = "Xcode 9.3";
			developmentRegion = en;
			hasScannedForEncodings = 0;
			knownRegions = (
				en,
				Base,
			);
			mainGroup = 44FECD2F2473209D00805D0F;
			productRefGroup = 44FECD392473209D00805D0F /* Products */;
			projectDirPath = "";
			projectRoot = "";
			targets = (
				44FECD372473209D00805D0F /* PlopBox */,
			);
		};
/* End PBXProject section */

/* Begin PBXResourcesBuildPhase section */
		44FECD362473209D00805D0F /* Resources */ = {
			isa = PBXResourcesBuildPhase;
			buildActionMask = 2147483647;
			files = (
				44FECD472473209D00805D0F /* Main.storyboard in Resources */,
				44AA62F22484E36400B5F6F7 /* smoke.sks in Resources */,
				44F92DED247AEB030072096E /* BoxShootingAnimation.atlas in Resources */,
				44FECD492473209E00805D0F /* Assets.xcassets in Resources */,
				44AA62F32484E36400B5F6F7 /* Assets.xcassets in Resources */,
				443AA279248312F3005A9647 /* Marsh-Stencil.otf in Resources */,
				44FECD4C2473209E00805D0F /* LaunchScreen.storyboard in Resources */,
			);
			runOnlyForDeploymentPostprocessing = 0;
		};
/* End PBXResourcesBuildPhase section */

/* Begin PBXSourcesBuildPhase section */
		44FECD342473209D00805D0F /* Sources */ = {
			isa = PBXSourcesBuildPhase;
			buildActionMask = 2147483647;
			files = (
				444F964B249B386B001C205A /* PrecisionLabelPanel.swift in Sources */,
				4476260E24759F8700F636F7 /* ShooterBox.swift in Sources */,
				44FECD422473209D00805D0F /* MenuScene.swift in Sources */,
				44558F59247F9BEF00CB85E5 /* GameOverScene.swift in Sources */,
				44FECD442473209D00805D0F /* GameViewController.swift in Sources */,
				44F3BAEC248C328D000A5CA4 /* shopBox.swift in Sources */,
				44FECD54247321E100805D0F /* GameScene.swift in Sources */,
				4467EC7124736C7000BDAA4D /* Box.swift in Sources */,
				445881F62489BE1F00D20646 /* ShopScene.swift in Sources */,
				4467EC7324736F2500BDAA4D /* Settings.swift in Sources */,
				4422393024958D5F0057EE42 /* PrecisionRating.swift in Sources */,
				4467EC6F2473634E00BDAA4D /* BoxSet.swift in Sources */,
				44C31D0B247B426000C25149 /* InvisibleBox.swift in Sources */,
				44F92DEF247AEB960072096E /* BoxShooter.swift in Sources */,
				44FECD3C2473209D00805D0F /* AppDelegate.swift in Sources */,
			);
			runOnlyForDeploymentPostprocessing = 0;
		};
/* End PBXSourcesBuildPhase section */

/* Begin PBXVariantGroup section */
		44FECD452473209D00805D0F /* Main.storyboard */ = {
			isa = PBXVariantGroup;
			children = (
				44FECD462473209D00805D0F /* Base */,
			);
			name = Main.storyboard;
			sourceTree = "<group>";
		};
		44FECD4A2473209E00805D0F /* LaunchScreen.storyboard */ = {
			isa = PBXVariantGroup;
			children = (
				44FECD4B2473209E00805D0F /* Base */,
			);
			name = LaunchScreen.storyboard;
			sourceTree = "<group>";
		};
/* End PBXVariantGroup section */

/* Begin XCBuildConfiguration section */
		44FECD4E2473209E00805D0F /* Debug */ = {
			isa = XCBuildConfiguration;
			buildSettings = {
				ALWAYS_SEARCH_USER_PATHS = NO;
				CLANG_ANALYZER_NONNULL = YES;
				CLANG_ANALYZER_NUMBER_OBJECT_CONVERSION = YES_AGGRESSIVE;
				CLANG_CXX_LANGUAGE_STANDARD = "gnu++14";
				CLANG_CXX_LIBRARY = "libc++";
				CLANG_ENABLE_MODULES = YES;
				CLANG_ENABLE_OBJC_ARC = YES;
				CLANG_ENABLE_OBJC_WEAK = YES;
				CLANG_WARN_BLOCK_CAPTURE_AUTORELEASING = YES;
				CLANG_WARN_BOOL_CONVERSION = YES;
				CLANG_WARN_COMMA = YES;
				CLANG_WARN_CONSTANT_CONVERSION = YES;
				CLANG_WARN_DEPRECATED_OBJC_IMPLEMENTATIONS = YES;
				CLANG_WARN_DIRECT_OBJC_ISA_USAGE = YES_ERROR;
				CLANG_WARN_DOCUMENTATION_COMMENTS = YES;
				CLANG_WARN_EMPTY_BODY = YES;
				CLANG_WARN_ENUM_CONVERSION = YES;
				CLANG_WARN_INFINITE_RECURSION = YES;
				CLANG_WARN_INT_CONVERSION = YES;
				CLANG_WARN_NON_LITERAL_NULL_CONVERSION = YES;
				CLANG_WARN_OBJC_IMPLICIT_RETAIN_SELF = YES;
				CLANG_WARN_OBJC_LITERAL_CONVERSION = YES;
				CLANG_WARN_OBJC_ROOT_CLASS = YES_ERROR;
				CLANG_WARN_RANGE_LOOP_ANALYSIS = YES;
				CLANG_WARN_STRICT_PROTOTYPES = YES;
				CLANG_WARN_SUSPICIOUS_MOVE = YES;
				CLANG_WARN_UNGUARDED_AVAILABILITY = YES_AGGRESSIVE;
				CLANG_WARN_UNREACHABLE_CODE = YES;
				CLANG_WARN__DUPLICATE_METHOD_MATCH = YES;
				COPY_PHASE_STRIP = NO;
				DEBUG_INFORMATION_FORMAT = dwarf;
				ENABLE_STRICT_OBJC_MSGSEND = YES;
				ENABLE_TESTABILITY = YES;
				GCC_C_LANGUAGE_STANDARD = gnu11;
				GCC_DYNAMIC_NO_PIC = NO;
				GCC_NO_COMMON_BLOCKS = YES;
				GCC_OPTIMIZATION_LEVEL = 0;
				GCC_PREPROCESSOR_DEFINITIONS = (
					"DEBUG=1",
					"$(inherited)",
				);
				GCC_WARN_64_TO_32_BIT_CONVERSION = YES;
				GCC_WARN_ABOUT_RETURN_TYPE = YES_ERROR;
				GCC_WARN_UNDECLARED_SELECTOR = YES;
				GCC_WARN_UNINITIALIZED_AUTOS = YES_AGGRESSIVE;
				GCC_WARN_UNUSED_FUNCTION = YES;
				GCC_WARN_UNUSED_VARIABLE = YES;
				IPHONEOS_DEPLOYMENT_TARGET = 13.2;
				MTL_ENABLE_DEBUG_INFO = INCLUDE_SOURCE;
				MTL_FAST_MATH = YES;
				ONLY_ACTIVE_ARCH = YES;
				SDKROOT = iphoneos;
				SWIFT_ACTIVE_COMPILATION_CONDITIONS = DEBUG;
				SWIFT_OPTIMIZATION_LEVEL = "-Onone";
			};
			name = Debug;
		};
		44FECD4F2473209E00805D0F /* Release */ = {
			isa = XCBuildConfiguration;
			buildSettings = {
				ALWAYS_SEARCH_USER_PATHS = NO;
				CLANG_ANALYZER_NONNULL = YES;
				CLANG_ANALYZER_NUMBER_OBJECT_CONVERSION = YES_AGGRESSIVE;
				CLANG_CXX_LANGUAGE_STANDARD = "gnu++14";
				CLANG_CXX_LIBRARY = "libc++";
				CLANG_ENABLE_MODULES = YES;
				CLANG_ENABLE_OBJC_ARC = YES;
				CLANG_ENABLE_OBJC_WEAK = YES;
				CLANG_WARN_BLOCK_CAPTURE_AUTORELEASING = YES;
				CLANG_WARN_BOOL_CONVERSION = YES;
				CLANG_WARN_COMMA = YES;
				CLANG_WARN_CONSTANT_CONVERSION = YES;
				CLANG_WARN_DEPRECATED_OBJC_IMPLEMENTATIONS = YES;
				CLANG_WARN_DIRECT_OBJC_ISA_USAGE = YES_ERROR;
				CLANG_WARN_DOCUMENTATION_COMMENTS = YES;
				CLANG_WARN_EMPTY_BODY = YES;
				CLANG_WARN_ENUM_CONVERSION = YES;
				CLANG_WARN_INFINITE_RECURSION = YES;
				CLANG_WARN_INT_CONVERSION = YES;
				CLANG_WARN_NON_LITERAL_NULL_CONVERSION = YES;
				CLANG_WARN_OBJC_IMPLICIT_RETAIN_SELF = YES;
				CLANG_WARN_OBJC_LITERAL_CONVERSION = YES;
				CLANG_WARN_OBJC_ROOT_CLASS = YES_ERROR;
				CLANG_WARN_RANGE_LOOP_ANALYSIS = YES;
				CLANG_WARN_STRICT_PROTOTYPES = YES;
				CLANG_WARN_SUSPICIOUS_MOVE = YES;
				CLANG_WARN_UNGUARDED_AVAILABILITY = YES_AGGRESSIVE;
				CLANG_WARN_UNREACHABLE_CODE = YES;
				CLANG_WARN__DUPLICATE_METHOD_MATCH = YES;
				COPY_PHASE_STRIP = NO;
				DEBUG_INFORMATION_FORMAT = "dwarf-with-dsym";
				ENABLE_NS_ASSERTIONS = NO;
				ENABLE_STRICT_OBJC_MSGSEND = YES;
				GCC_C_LANGUAGE_STANDARD = gnu11;
				GCC_NO_COMMON_BLOCKS = YES;
				GCC_WARN_64_TO_32_BIT_CONVERSION = YES;
				GCC_WARN_ABOUT_RETURN_TYPE = YES_ERROR;
				GCC_WARN_UNDECLARED_SELECTOR = YES;
				GCC_WARN_UNINITIALIZED_AUTOS = YES_AGGRESSIVE;
				GCC_WARN_UNUSED_FUNCTION = YES;
				GCC_WARN_UNUSED_VARIABLE = YES;
				IPHONEOS_DEPLOYMENT_TARGET = 13.2;
				MTL_ENABLE_DEBUG_INFO = NO;
				MTL_FAST_MATH = YES;
				SDKROOT = iphoneos;
				SWIFT_COMPILATION_MODE = wholemodule;
				SWIFT_OPTIMIZATION_LEVEL = "-O";
				VALIDATE_PRODUCT = YES;
			};
			name = Release;
		};
		44FECD512473209E00805D0F /* Debug */ = {
			isa = XCBuildConfiguration;
			buildSettings = {
				ASSETCATALOG_COMPILER_APPICON_NAME = AppIcon;
				CODE_SIGN_STYLE = Automatic;
				DEVELOPMENT_TEAM = RDZ88DJPS7;
				INFOPLIST_FILE = PlopBox/Info.plist;
				LD_RUNPATH_SEARCH_PATHS = (
					"$(inherited)",
					"@executable_path/Frameworks",
				);
				PRODUCT_BUNDLE_IDENTIFIER = com.juanerenas.PlopBox;
				PRODUCT_NAME = "$(TARGET_NAME)";
				SWIFT_VERSION = 5.0;
				TARGETED_DEVICE_FAMILY = "1,2";
			};
			name = Debug;
		};
		44FECD522473209E00805D0F /* Release */ = {
			isa = XCBuildConfiguration;
			buildSettings = {
				ASSETCATALOG_COMPILER_APPICON_NAME = AppIcon;
				CODE_SIGN_STYLE = Automatic;
				DEVELOPMENT_TEAM = RDZ88DJPS7;
				INFOPLIST_FILE = PlopBox/Info.plist;
				LD_RUNPATH_SEARCH_PATHS = (
					"$(inherited)",
					"@executable_path/Frameworks",
				);
				PRODUCT_BUNDLE_IDENTIFIER = com.juanerenas.PlopBox;
				PRODUCT_NAME = "$(TARGET_NAME)";
				SWIFT_VERSION = 5.0;
				TARGETED_DEVICE_FAMILY = "1,2";
			};
			name = Release;
		};
/* End XCBuildConfiguration section */

/* Begin XCConfigurationList section */
		44FECD332473209D00805D0F /* Build configuration list for PBXProject "PlopBox" */ = {
			isa = XCConfigurationList;
			buildConfigurations = (
				44FECD4E2473209E00805D0F /* Debug */,
				44FECD4F2473209E00805D0F /* Release */,
			);
			defaultConfigurationIsVisible = 0;
			defaultConfigurationName = Release;
		};
		44FECD502473209E00805D0F /* Build configuration list for PBXNativeTarget "PlopBox" */ = {
			isa = XCConfigurationList;
			buildConfigurations = (
				44FECD512473209E00805D0F /* Debug */,
				44FECD522473209E00805D0F /* Release */,
			);
			defaultConfigurationIsVisible = 0;
			defaultConfigurationName = Release;
		};
/* End XCConfigurationList section */
	};
	rootObject = 44FECD302473209D00805D0F /* Project object */;
}
